# Foundry ref this academy is built against. CI checks out exactly this.
# Upgrades are PRs (the nightly sweep opens them); never float on main.
# 2026-09-25: pinned to the foundry commit rc.4 was built and gated with (perceptor-foundry factory/automation-gaps-20260924,
# PR #9: asset.disclosure schema, editorial audit, cinematic lane); move to the merge commit once PR #9 lands on main.
ref=a02bc40abcbf5f7ae32bc757a37dad26062af1ed
