# Foundry ref this academy is built against. CI checks out exactly this.
# Upgrades are PRs (the nightly sweep opens them); never float on main.
# 2026-09-25: pinned to the foundry commit rc.4 was built and gated with (perceptor-foundry factory/automation-gaps-20260924,
# PR #9: asset.disclosure schema, editorial audit, cinematic lane); move to the merge commit once PR #9 lands on main.
# 2026-09-25 (1.1): moved to the foundry commit with the sequence and branching interaction kinds, hedge, living diagrams and the dive.
# 2026-09-26 (1.1): moved to the foundry commit 1.1 was gated with (perceptor-foundry PR #11 on PR #9: inspect polarity in claim
# support; the final gate reads the authored change logs).
# 2026-09-26 ($199): moved to the foundry commit whose academy validator knows the paid entitlement (perceptor-foundry PR #14,
# stacked on #11 and #9).
# 2026-09-27: moved to the foundry commit the 1.1.0 dossier and scorecard pre-review were built with: perceptor-foundry #17 (the
# #9/#11/#14 stack merged with main 1b7ecbd: GCLS review standard v0.1 + scorecard).
# 2026-09-28 (sitting-design pilot, Module 1): moved to the head of perceptor-foundry draft PR #19 (factory/sitting-design-20260928,
# e031406: dosage audit, read-along beats, twotier and ladder, Gemini 3.8 TTS beats.mjs), stacked on #17. Move it to the merge
# commit when #19 lands on main.
ref=e031406a2633d976b4551ee42cdd51b5e4566833
